// !$*UTF8*$!
{
	archiveVersion = 1;
	classes = {
	};
	objectVersion = 50;
	objects = {

/* Begin PBXBuildFile section */
		611B3E8F247F2803009E500C /* AppDelegate.swift in Sources */ = {isa = PBXBuildFile; fileRef = 611B3E8E247F2803009E500C /* AppDelegate.swift */; };
		611B3E91247F2803009E500C /* GameScene.sks in Resources */ = {isa = PBXBuildFile; fileRef = 611B3E90247F2803009E500C /* GameScene.sks */; };
		611B3E93247F2803009E500C /* Actions.sks in Resources */ = {isa = PBXBuildFile; fileRef = 611B3E92247F2803009E500C /* Actions.sks */; };
		611B3E95247F2803009E500C /* GameScene.swift in Sources */ = {isa = PBXBuildFile; fileRef = 611B3E94247F2803009E500C /* GameScene.swift */; };
		611B3E97247F2803009E500C /* GameViewController.swift in Sources */ = {isa = PBXBuildFile; fileRef = 611B3E96247F2803009E500C /* GameViewController.swift */; };
		611B3E9A247F2803009E500C /* Main.storyboard in Resources */ = {isa = PBXBuildFile; fileRef = 611B3E98247F2803009E500C /* Main.storyboard */; };
		611B3E9C247F2804009E500C /* Assets.xcassets in Resources */ = {isa = PBXBuildFile; fileRef = 611B3E9B247F2804009E500C /* Assets.xcassets */; };
		611B3E9F247F2804009E500C /* LaunchScreen.storyboard in Resources */ = {isa = PBXBuildFile; fileRef = 611B3E9D247F2804009E500C /* LaunchScreen.storyboard */; };
		611B3EAA247F2804009E500C /* Cards_of_DestinyTests.swift in Sources */ = {isa = PBXBuildFile; fileRef = 611B3EA9247F2804009E500C /* Cards_of_DestinyTests.swift */; };
		611B3EB5247F2804009E500C /* Cards_of_DestinyUITests.swift in Sources */ = {isa = PBXBuildFile; fileRef = 611B3EB4247F2804009E500C /* Cards_of_DestinyUITests.swift */; };
/* End PBXBuildFile section */

/* Begin PBXContainerItemProxy section */
		611B3EA6247F2804009E500C /* PBXContainerItemProxy */ = {
			isa = PBXContainerItemProxy;
			containerPortal = 611B3E83247F2803009E500C /* Project object */;
			proxyType = 1;
			remoteGlobalIDString = 611B3E8A247F2803009E500C;
			remoteInfo = "Cards of Destiny";
		};
		611B3EB1247F2804009E500C /* PBXContainerItemProxy */ = {
			isa = PBXContainerItemProxy;
			containerPortal = 611B3E83247F2803009E500C /* Project object */;
			proxyType = 1;
			remoteGlobalIDString = 611B3E8A247F2803009E500C;
			remoteInfo = "Cards of Destiny";
		};
/* End PBXContainerItemProxy section */

/* Begin PBXFileReference section */
		611B3E8B247F2803009E500C /* Cards of Destiny.app */ = {isa = PBXFileReference; explicitFileType = wrapper.application; includeInIndex = 0; path = "Cards of Destiny.app"; sourceTree = BUILT_PRODUCTS_DIR; };
		611B3E8E247F2803009E500C /* AppDelegate.swift */ = {isa = PBXFileReference; lastKnownFileType = sourcecode.swift; path = AppDelegate.swift; sourceTree = "<group>"; };
		611B3E90247F2803009E500C /* GameScene.sks */ = {isa = PBXFileReference; lastKnownFileType = file.sks; path = GameScene.sks; sourceTree = "<group>"; };
		611B3E92247F2803009E500C /* Actions.sks */ = {isa = PBXFileReference; lastKnownFileType = file.sks; path = Actions.sks; sourceTree = "<group>"; };
		611B3E94247F2803009E500C /* GameScene.swift */ = {isa = PBXFileReference; lastKnownFileType = sourcecode.swift; path = GameScene.swift; sourceTree = "<group>"; };
		611B3E96247F2803009E500C /* GameViewController.swift */ = {isa = PBXFileReference; lastKnownFileType = sourcecode.swift; path = GameViewController.swift; sourceTree = "<group>"; };
		611B3E99247F2803009E500C /* Base */ = {isa = PBXFileReference; lastKnownFileType = file.storyboard; name = Base; path = Base.lproj/Main.storyboard; sourceTree = "<group>"; };
		611B3E9B247F2804009E500C /* Assets.xcassets */ = {isa = PBXFileReference; lastKnownFileType = folder.assetcatalog; path = Assets.xcassets; sourceTree = "<group>"; };
		611B3E9E247F2804009E500C /* Base */ = {isa = PBXFileReference; lastKnownFileType = file.storyboard; name = Base; path = Base.lproj/LaunchScreen.storyboard; sourceTree = "<group>"; };
		611B3EA0247F2804009E500C /* Info.plist */ = {isa = PBXFileReference; lastKnownFileType = text.plist.xml; path = Info.plist; sourceTree = "<group>"; };
		611B3EA5247F2804009E500C /* Cards of DestinyTests.xctest */ = {isa = PBXFileReference; explicitFileType = wrapper.cfbundle; includeInIndex = 0; path = "Cards of DestinyTests.xctest"; sourceTree = BUILT_PRODUCTS_DIR; };
		611B3EA9247F2804009E500C /* Cards_of_DestinyTests.swift */ = {isa = PBXFileReference; lastKnownFileType = sourcecode.swift; path = Cards_of_DestinyTests.swift; sourceTree = "<group>"; };
		611B3EAB247F2804009E500C /* Info.plist */ = {isa = PBXFileReference; lastKnownFileType = text.plist.xml; path = Info.plist; sourceTree = "<group>"; };
		611B3EB0247F2804009E500C /* Cards of DestinyUITests.xctest */ = {isa = PBXFileReference; explicitFileType = wrapper.cfbundle; includeInIndex = 0; path = "Cards of DestinyUITests.xctest"; sourceTree = BUILT_PRODUCTS_DIR; };
		611B3EB4247F2804009E500C /* Cards_of_DestinyUITests.swift */ = {isa = PBXFileReference; lastKnownFileType = sourcecode.swift; path = Cards_of_DestinyUITests.swift; sourceTree = "<group>"; };
		611B3EB6247F2804009E500C /* Info.plist */ = {isa = PBXFileReference; lastKnownFileType = text.plist.xml; path = Info.plist; sourceTree = "<group>"; };
/* End PBXFileReference section */

/* Begin PBXFrameworksBuildPhase section */
		611B3E88247F2803009E500C /* Frameworks */ = {
			isa = PBXFrameworksBuildPhase;
			buildActionMask = 2147483647;
			files = (
			);
			runOnlyForDeploymentPostprocessing = 0;
		};
		611B3EA2247F2804009E500C /* Frameworks */ = {
			isa = PBXFrameworksBuildPhase;
			buildActionMask = 2147483647;
			files = (
			);
			runOnlyForDeploymentPostprocessing = 0;
		};
		611B3EAD247F2804009E500C /* Frameworks */ = {
			isa = PBXFrameworksBuildPhase;
			buildActionMask = 2147483647;
			files = (
			);
			runOnlyForDeploymentPostprocessing = 0;
		};
/* End PBXFrameworksBuildPhase section */

/* Begin PBXGroup section */
		611B3E82247F2803009E500C = {
			isa = PBXGroup;
			children = (
				611B3E8D247F2803009E500C /* Cards of Destiny */,
				611B3EA8247F2804009E500C /* Cards of DestinyTests */,
				611B3EB3247F2804009E500C /* Cards of DestinyUITests */,
				611B3E8C247F2803009E500C /* Products */,
			);
			sourceTree = "<group>";
		};
		611B3E8C247F2803009E500C /* Products */ = {
			isa = PBXGroup;
			children = (
				611B3E8B247F2803009E500C /* Cards of Destiny.app */,
				611B3EA5247F2804009E500C /* Cards of DestinyTests.xctest */,
				611B3EB0247F2804009E500C /* Cards of DestinyUITests.xctest */,
			);
			name = Products;
			sourceTree = "<group>";
		};
		611B3E8D247F2803009E500C /* Cards of Destiny */ = {
			isa = PBXGroup;
			children = (
				611B3E8E247F2803009E500C /* AppDelegate.swift */,
				611B3E90247F2803009E500C /* GameScene.sks */,
				611B3E92247F2803009E500C /* Actions.sks */,
				611B3E94247F2803009E500C /* GameScene.swift */,
				611B3E96247F2803009E500C /* GameViewController.swift */,
				611B3E98247F2803009E500C /* Main.storyboard */,
				611B3E9B247F2804009E500C /* Assets.xcassets */,
				611B3E9D247F2804009E500C /* LaunchScreen.storyboard */,
				611B3EA0247F2804009E500C /* Info.plist */,
			);
			path = "Cards of Destiny";
			sourceTree = "<group>";
		};
		611B3EA8247F2804009E500C /* Cards of DestinyTests */ = {
			isa = PBXGroup;
			children = (
				611B3EA9247F2804009E500C /* Cards_of_DestinyTests.swift */,
				611B3EAB247F2804009E500C /* Info.plist */,
			);
			path = "Cards of DestinyTests";
			sourceTree = "<group>";
		};
		611B3EB3247F2804009E500C /* Cards of DestinyUITests */ = {
			isa = PBXGroup;
			children = (
				611B3EB4247F2804009E500C /* Cards_of_DestinyUITests.swift */,
				611B3EB6247F2804009E500C /* Info.plist */,
			);
			path = "Cards of DestinyUITests";
			sourceTree = "<group>";
		};
/* End PBXGroup section */

/* Begin PBXNativeTarget section */
		611B3E8A247F2803009E500C /* Cards of Destiny */ = {
			isa = PBXNativeTarget;
			buildConfigurationList = 611B3EB9247F2804009E500C /* Build configuration list for PBXNativeTarget "Cards of Destiny" */;
			buildPhases = (
				611B3E87247F2803009E500C /* Sources */,
				611B3E88247F2803009E500C /* Frameworks */,
				611B3E89247F2803009E500C /* Resources */,
			);
			buildRules = (
			);
			dependencies = (
			);
			name = "Cards of Destiny";
			productName = "Cards of Destiny";
			productReference = 611B3E8B247F2803009E500C /* Cards of Destiny.app */;
			productType = "com.apple.product-type.application";
		};
		611B3EA4247F2804009E500C /* Cards of DestinyTests */ = {
			isa = PBXNativeTarget;
			buildConfigurationList = 611B3EBC247F2804009E500C /* Build configuration list for PBXNativeTarget "Cards of DestinyTests" */;
			buildPhases = (
				611B3EA1247F2804009E500C /* Sources */,
				611B3EA2247F2804009E500C /* Frameworks */,
				611B3EA3247F2804009E500C /* Resources */,
			);
			buildRules = (
			);
			dependencies = (
				611B3EA7247F2804009E500C /* PBXTargetDependency */,
			);
			name = "Cards of DestinyTests";
			productName = "Cards of DestinyTests";
			productReference = 611B3EA5247F2804009E500C /* Cards of DestinyTests.xctest */;
			productType = "com.apple.product-type.bundle.unit-test";
		};
		611B3EAF247F2804009E500C /* Cards of DestinyUITests */ = {
			isa = PBXNativeTarget;
			buildConfigurationList = 611B3EBF247F2804009E500C /* Build configuration list for PBXNativeTarget "Cards of DestinyUITests" */;
			buildPhases = (
				611B3EAC247F2804009E500C /* Sources */,
				611B3EAD247F2804009E500C /* Frameworks */,
				611B3EAE247F2804009E500C /* Resources */,
			);
			buildRules = (
			);
			dependencies = (
				611B3EB2247F2804009E500C /* PBXTargetDependency */,
			);
			name = "Cards of DestinyUITests";
			productName = "Cards of DestinyUITests";
			productReference = 611B3EB0247F2804009E500C /* Cards of DestinyUITests.xctest */;
			productType = "com.apple.product-type.bundle.ui-testing";
		};
/* End PBXNativeTarget section */

/* Begin PBXProject section */
		611B3E83247F2803009E500C /* Project object */ = {
			isa = PBXProject;
			attributes = {
				LastSwiftUpdateCheck = 1140;
				LastUpgradeCheck = 1140;
				ORGANIZATIONNAME = Keshav;
				TargetAttributes = {
					611B3E8A247F2803009E500C = {
						CreatedOnToolsVersion = 11.4.1;
					};
					611B3EA4247F2804009E500C = {
						CreatedOnToolsVersion = 11.4.1;
						TestTargetID = 611B3E8A247F2803009E500C;
					};
					611B3EAF247F2804009E500C = {
						CreatedOnToolsVersion = 11.4.1;
						TestTargetID = 611B3E8A247F2803009E500C;
					};
				};
			};
			buildConfigurationList = 611B3E86247F2803009E500C /* Build configuration list for PBXProject "Cards of Destiny" */;
			compatibilityVersion = "Xcode 9.3";
			developmentRegion = en;
			hasScannedForEncodings = 0;
			knownRegions = (
				en,
				Base,
			);
			mainGroup = 611B3E82247F2803009E500C;
			productRefGroup = 611B3E8C247F2803009E500C /* Products */;
			projectDirPath = "";
			projectRoot = "";
			targets = (
				611B3E8A247F2803009E500C /* Cards of Destiny */,
				611B3EA4247F2804009E500C /* Cards of DestinyTests */,
				611B3EAF247F2804009E500C /* Cards of DestinyUITests */,
			);
		};
/* End PBXProject section */

/* Begin PBXResourcesBuildPhase section */
		611B3E89247F2803009E500C /* Resources */ = {
			isa = PBXResourcesBuildPhase;
			buildActionMask = 2147483647;
			files = (
				611B3E9A247F2803009E500C /* Main.storyboard in Resources */,
				611B3E91247F2803009E500C /* GameScene.sks in Resources */,
				611B3E9C247F2804009E500C /* Assets.xcassets in Resources */,
				611B3E9F247F2804009E500C /* LaunchScreen.storyboard in Resources */,
				611B3E93247F2803009E500C /* Actions.sks in Resources */,
			);
			runOnlyForDeploymentPostprocessing = 0;
		};
		611B3EA3247F2804009E500C /* Resources */ = {
			isa = PBXResourcesBuildPhase;
			buildActionMask = 2147483647;
			files = (
			);
			runOnlyForDeploymentPostprocessing = 0;
		};
		611B3EAE247F2804009E500C /* Resources */ = {
			isa = PBXResourcesBuildPhase;
			buildActionMask = 2147483647;
			files = (
			);
			runOnlyForDeploymentPostprocessing = 0;
		};
/* End PBXResourcesBuildPhase section */

/* Begin PBXSourcesBuildPhase section */
		611B3E87247F2803009E500C /* Sources */ = {
			isa = PBXSourcesBuildPhase;
			buildActionMask = 2147483647;
			files = (
				611B3E95247F2803009E500C /* GameScene.swift in Sources */,
				611B3E97247F2803009E500C /* GameViewController.swift in Sources */,
				611B3E8F247F2803009E500C /* AppDelegate.swift in Sources */,
			);
			runOnlyForDeploymentPostprocessing = 0;
		};
		611B3EA1247F2804009E500C /* Sources */ = {
			isa = PBXSourcesBuildPhase;
			buildActionMask = 2147483647;
			files = (
				611B3EAA247F2804009E500C /* Cards_of_DestinyTests.swift in Sources */,
			);
			runOnlyForDeploymentPostprocessing = 0;
		};
		611B3EAC247F2804009E500C /* Sources */ = {
			isa = PBXSourcesBuildPhase;
			buildActionMask = 2147483647;
			files = (
				611B3EB5247F2804009E500C /* Cards_of_DestinyUITests.swift in Sources */,
			);
			runOnlyForDeploymentPostprocessing = 0;
		};
/* End PBXSourcesBuildPhase section */

/* Begin PBXTargetDependency section */
		611B3EA7247F2804009E500C /* PBXTargetDependency */ = {
			isa = PBXTargetDependency;
			target = 611B3E8A247F2803009E500C /* Cards of Destiny */;
			targetProxy = 611B3EA6247F2804009E500C /* PBXContainerItemProxy */;
		};
		611B3EB2247F2804009E500C /* PBXTargetDependency */ = {
			isa = PBXTargetDependency;
			target = 611B3E8A247F2803009E500C /* Cards of Destiny */;
			targetProxy = 611B3EB1247F2804009E500C /* PBXContainerItemProxy */;
		};
/* End PBXTargetDependency section */

/* Begin PBXVariantGroup section */
		611B3E98247F2803009E500C /* Main.storyboard */ = {
			isa = PBXVariantGroup;
			children = (
				611B3E99247F2803009E500C /* Base */,
			);
			name = Main.storyboard;
			sourceTree = "<group>";
		};
		611B3E9D247F2804009E500C /* LaunchScreen.storyboard */ = {
			isa = PBXVariantGroup;
			children = (
				611B3E9E247F2804009E500C /* Base */,
			);
			name = LaunchScreen.storyboard;
			sourceTree = "<group>";
		};
/* End PBXVariantGroup section */

/* Begin XCBuildConfiguration section */
		611B3EB7247F2804009E500C /* Debug */ = {
			isa = XCBuildConfiguration;
			buildSettings = {
				ALWAYS_SEARCH_USER_PATHS = NO;
				CLANG_ANALYZER_NONNULL = YES;
				CLANG_ANALYZER_NUMBER_OBJECT_CONVERSION = YES_AGGRESSIVE;
				CLANG_CXX_LANGUAGE_STANDARD = "gnu++14";
				CLANG_CXX_LIBRARY = "libc++";
				CLANG_ENABLE_MODULES = YES;
				CLANG_ENABLE_OBJC_ARC = YES;
				CLANG_ENABLE_OBJC_WEAK = YES;
				CLANG_WARN_BLOCK_CAPTURE_AUTORELEASING = YES;
				CLANG_WARN_BOOL_CONVERSION = YES;
				CLANG_WARN_COMMA = YES;
				CLANG_WARN_CONSTANT_CONVERSION = YES;
				CLANG_WARN_DEPRECATED_OBJC_IMPLEMENTATIONS = YES;
				CLANG_WARN_DIRECT_OBJC_ISA_USAGE = YES_ERROR;
				CLANG_WARN_DOCUMENTATION_COMMENTS = YES;
				CLANG_WARN_EMPTY_BODY = YES;
				CLANG_WARN_ENUM_CONVERSION = YES;
				CLANG_WARN_INFINITE_RECURSION = YES;
				CLANG_WARN_INT_CONVERSION = YES;
				CLANG_WARN_NON_LITERAL_NULL_CONVERSION = YES;
				CLANG_WARN_OBJC_IMPLICIT_RETAIN_SELF = YES;
				CLANG_WARN_OBJC_LITERAL_CONVERSION = YES;
				CLANG_WARN_OBJC_ROOT_CLASS = YES_ERROR;
				CLANG_WARN_RANGE_LOOP_ANALYSIS = YES;
				CLANG_WARN_STRICT_PROTOTYPES = YES;
				CLANG_WARN_SUSPICIOUS_MOVE = YES;
				CLANG_WARN_UNGUARDED_AVAILABILITY = YES_AGGRESSIVE;
				CLANG_WARN_UNREACHABLE_CODE = YES;
				CLANG_WARN__DUPLICATE_METHOD_MATCH = YES;
				COPY_PHASE_STRIP = NO;
				DEBUG_INFORMATION_FORMAT = dwarf;
				ENABLE_STRICT_OBJC_MSGSEND = YES;
				ENABLE_TESTABILITY = YES;
				GCC_C_LANGUAGE_STANDARD = gnu11;
				GCC_DYNAMIC_NO_PIC = NO;
				GCC_NO_COMMON_BLOCKS = YES;
				GCC_OPTIMIZATION_LEVEL = 0;
				GCC_PREPROCESSOR_DEFINITIONS = (
					"DEBUG=1",
					"$(inherited)",
				);
				GCC_WARN_64_TO_32_BIT_CONVERSION = YES;
				GCC_WARN_ABOUT_RETURN_TYPE = YES_ERROR;
				GCC_WARN_UNDECLARED_SELECTOR = YES;
				GCC_WARN_UNINITIALIZED_AUTOS = YES_AGGRESSIVE;
				GCC_WARN_UNUSED_FUNCTION = YES;
				GCC_WARN_UNUSED_VARIABLE = YES;
				IPHONEOS_DEPLOYMENT_TARGET = 13.4;
				MTL_ENABLE_DEBUG_INFO = INCLUDE_SOURCE;
				MTL_FAST_MATH = YES;
				ONLY_ACTIVE_ARCH = YES;
				SDKROOT = iphoneos;
				SWIFT_ACTIVE_COMPILATION_CONDITIONS = DEBUG;
				SWIFT_OPTIMIZATION_LEVEL = "-Onone";
			};
			name = Debug;
		};
		611B3EB8247F2804009E500C /* Release */ = {
			isa = XCBuildConfiguration;
			buildSettings = {
				ALWAYS_SEARCH_USER_PATHS = NO;
				CLANG_ANALYZER_NONNULL = YES;
				CLANG_ANALYZER_NUMBER_OBJECT_CONVERSION = YES_AGGRESSIVE;
				CLANG_CXX_LANGUAGE_STANDARD = "gnu++14";
				CLANG_CXX_LIBRARY = "libc++";
				CLANG_ENABLE_MODULES = YES;
				CLANG_ENABLE_OBJC_ARC = YES;
				CLANG_ENABLE_OBJC_WEAK = YES;
				CLANG_WARN_BLOCK_CAPTURE_AUTORELEASING = YES;
				CLANG_WARN_BOOL_CONVERSION = YES;
				CLANG_WARN_COMMA = YES;
				CLANG_WARN_CONSTANT_CONVERSION = YES;
				CLANG_WARN_DEPRECATED_OBJC_IMPLEMENTATIONS = YES;
				CLANG_WARN_DIRECT_OBJC_ISA_USAGE = YES_ERROR;
				CLANG_WARN_DOCUMENTATION_COMMENTS = YES;
				CLANG_WARN_EMPTY_BODY = YES;
				CLANG_WARN_ENUM_CONVERSION = YES;
				CLANG_WARN_INFINITE_RECURSION = YES;
				CLANG_WARN_INT_CONVERSION = YES;
				CLANG_WARN_NON_LITERAL_NULL_CONVERSION = YES;
				CLANG_WARN_OBJC_IMPLICIT_RETAIN_SELF = YES;
				CLANG_WARN_OBJC_LITERAL_CONVERSION = YES;
				CLANG_WARN_OBJC_ROOT_CLASS = YES_ERROR;
				CLANG_WARN_RANGE_LOOP_ANALYSIS = YES;
				CLANG_WARN_STRICT_PROTOTYPES = YES;
				CLANG_WARN_SUSPICIOUS_MOVE = YES;
				CLANG_WARN_UNGUARDED_AVAILABILITY = YES_AGGRESSIVE;
				CLANG_WARN_UNREACHABLE_CODE = YES;
				CLANG_WARN__DUPLICATE_METHOD_MATCH = YES;
				COPY_PHASE_STRIP = NO;
				DEBUG_INFORMATION_FORMAT = "dwarf-with-dsym";
				ENABLE_NS_ASSERTIONS = NO;
				ENABLE_STRICT_OBJC_MSGSEND = YES;
				GCC_C_LANGUAGE_STANDARD = gnu11;
				GCC_NO_COMMON_BLOCKS = YES;
				GCC_WARN_64_TO_32_BIT_CONVERSION = YES;
				GCC_WARN_ABOUT_RETURN_TYPE = YES_ERROR;
				GCC_WARN_UNDECLARED_SELECTOR = YES;
				GCC_WARN_UNINITIALIZED_AUTOS = YES_AGGRESSIVE;
				GCC_WARN_UNUSED_FUNCTION = YES;
				GCC_WARN_UNUSED_VARIABLE = YES;
				IPHONEOS_DEPLOYMENT_TARGET = 13.4;
				MTL_ENABLE_DEBUG_INFO = NO;
				MTL_FAST_MATH = YES;
				SDKROOT = iphoneos;
				SWIFT_COMPILATION_MODE = wholemodule;
				SWIFT_OPTIMIZATION_LEVEL = "-O";
				VALIDATE_PRODUCT = YES;
			};
			name = Release;
		};
		611B3EBA247F2804009E500C /* Debug */ = {
			isa = XCBuildConfiguration;
			buildSettings = {
				ASSETCATALOG_COMPILER_APPICON_NAME = AppIcon;
				CODE_SIGN_STYLE = Automatic;
				DEVELOPMENT_TEAM = K9L6WUQ8U9;
				INFOPLIST_FILE = "Cards of Destiny/Info.plist";
				LD_RUNPATH_SEARCH_PATHS = (
					"$(inherited)",
					"@executable_path/Frameworks",
				);
				PRODUCT_BUNDLE_IDENTIFIER = "com.kvaradarajan.Cards-of-Destiny";
				PRODUCT_NAME = "$(TARGET_NAME)";
				SWIFT_VERSION = 5.0;
				TARGETED_DEVICE_FAMILY = "1,2";
			};
			name = Debug;
		};
		611B3EBB247F2804009E500C /* Release */ = {
			isa = XCBuildConfiguration;
			buildSettings = {
				ASSETCATALOG_COMPILER_APPICON_NAME = AppIcon;
				CODE_SIGN_STYLE = Automatic;
				DEVELOPMENT_TEAM = K9L6WUQ8U9;
				INFOPLIST_FILE = "Cards of Destiny/Info.plist";
				LD_RUNPATH_SEARCH_PATHS = (
					"$(inherited)",
					"@executable_path/Frameworks",
				);
				PRODUCT_BUNDLE_IDENTIFIER = "com.kvaradarajan.Cards-of-Destiny";
				PRODUCT_NAME = "$(TARGET_NAME)";
				SWIFT_VERSION = 5.0;
				TARGETED_DEVICE_FAMILY = "1,2";
			};
			name = Release;
		};
		611B3EBD247F2804009E500C /* Debug */ = {
			isa = XCBuildConfiguration;
			buildSettings = {
				ALWAYS_EMBED_SWIFT_STANDARD_LIBRARIES = YES;
				BUNDLE_LOADER = "$(TEST_HOST)";
				CODE_SIGN_STYLE = Automatic;
				DEVELOPMENT_TEAM = K9L6WUQ8U9;
				INFOPLIST_FILE = "Cards of DestinyTests/Info.plist";
				IPHONEOS_DEPLOYMENT_TARGET = 13.4;
				LD_RUNPATH_SEARCH_PATHS = (
					"$(inherited)",
					"@executable_path/Frameworks",
					"@loader_path/Frameworks",
				);
				PRODUCT_BUNDLE_IDENTIFIER = "com.kvaradarajan.Cards-of-DestinyTests";
				PRODUCT_NAME = "$(TARGET_NAME)";
				SWIFT_VERSION = 5.0;
				TARGETED_DEVICE_FAMILY = "1,2";
				TEST_HOST = "$(BUILT_PRODUCTS_DIR)/Cards of Destiny.app/Cards of Destiny";
			};
			name = Debug;
		};
		611B3EBE247F2804009E500C /* Release */ = {
			isa = XCBuildConfiguration;
			buildSettings = {
				ALWAYS_EMBED_SWIFT_STANDARD_LIBRARIES = YES;
				BUNDLE_LOADER = "$(TEST_HOST)";
				CODE_SIGN_STYLE = Automatic;
				DEVELOPMENT_TEAM = K9L6WUQ8U9;
				INFOPLIST_FILE = "Cards of DestinyTests/Info.plist";
				IPHONEOS_DEPLOYMENT_TARGET = 13.4;
				LD_RUNPATH_SEARCH_PATHS = (
					"$(inherited)",
					"@executable_path/Frameworks",
					"@loader_path/Frameworks",
				);
				PRODUCT_BUNDLE_IDENTIFIER = "com.kvaradarajan.Cards-of-DestinyTests";
				PRODUCT_NAME = "$(TARGET_NAME)";
				SWIFT_VERSION = 5.0;
				TARGETED_DEVICE_FAMILY = "1,2";
				TEST_HOST = "$(BUILT_PRODUCTS_DIR)/Cards of Destiny.app/Cards of Destiny";
			};
			name = Release;
		};
		611B3EC0247F2804009E500C /* Debug */ = {
			isa = XCBuildConfiguration;
			buildSettings = {
				ALWAYS_EMBED_SWIFT_STANDARD_LIBRARIES = YES;
				CODE_SIGN_STYLE = Automatic;
				DEVELOPMENT_TEAM = K9L6WUQ8U9;
				INFOPLIST_FILE = "Cards of DestinyUITests/Info.plist";
				LD_RUNPATH_SEARCH_PATHS = (
					"$(inherited)",
					"@executable_path/Frameworks",
					"@loader_path/Frameworks",
				);
				PRODUCT_BUNDLE_IDENTIFIER = "com.kvaradarajan.Cards-of-DestinyUITests";
				PRODUCT_NAME = "$(TARGET_NAME)";
				SWIFT_VERSION = 5.0;
				TARGETED_DEVICE_FAMILY = "1,2";
				TEST_TARGET_NAME = "Cards of Destiny";
			};
			name = Debug;
		};
		611B3EC1247F2804009E500C /* Release */ = {
			isa = XCBuildConfiguration;
			buildSettings = {
				ALWAYS_EMBED_SWIFT_STANDARD_LIBRARIES = YES;
				CODE_SIGN_STYLE = Automatic;
				DEVELOPMENT_TEAM = K9L6WUQ8U9;
				INFOPLIST_FILE = "Cards of DestinyUITests/Info.plist";
				LD_RUNPATH_SEARCH_PATHS = (
					"$(inherited)",
					"@executable_path/Frameworks",
					"@loader_path/Frameworks",
				);
				PRODUCT_BUNDLE_IDENTIFIER = "com.kvaradarajan.Cards-of-DestinyUITests";
				PRODUCT_NAME = "$(TARGET_NAME)";
				SWIFT_VERSION = 5.0;
				TARGETED_DEVICE_FAMILY = "1,2";
				TEST_TARGET_NAME = "Cards of Destiny";
			};
			name = Release;
		};
/* End XCBuildConfiguration section */

/* Begin XCConfigurationList section */
		611B3E86247F2803009E500C /* Build configuration list for PBXProject "Cards of Destiny" */ = {
			isa = XCConfigurationList;
			buildConfigurations = (
				611B3EB7247F2804009E500C /* Debug */,
				611B3EB8247F2804009E500C /* Release */,
			);
			defaultConfigurationIsVisible = 0;
			defaultConfigurationName = Release;
		};
		611B3EB9247F2804009E500C /* Build configuration list for PBXNativeTarget "Cards of Destiny" */ = {
			isa = XCConfigurationList;
			buildConfigurations = (
				611B3EBA247F2804009E500C /* Debug */,
				611B3EBB247F2804009E500C /* Release */,
			);
			defaultConfigurationIsVisible = 0;
			defaultConfigurationName = Release;
		};
		611B3EBC247F2804009E500C /* Build configuration list for PBXNativeTarget "Cards of DestinyTests" */ = {
			isa = XCConfigurationList;
			buildConfigurations = (
				611B3EBD247F2804009E500C /* Debug */,
				611B3EBE247F2804009E500C /* Release */,
			);
			defaultConfigurationIsVisible = 0;
			defaultConfigurationName = Release;
		};
		611B3EBF247F2804009E500C /* Build configuration list for PBXNativeTarget "Cards of DestinyUITests" */ = {
			isa = XCConfigurationList;
			buildConfigurations = (
				611B3EC0247F2804009E500C /* Debug */,
				611B3EC1247F2804009E500C /* Release */,
			);
			defaultConfigurationIsVisible = 0;
			defaultConfigurationName = Release;
		};
/* End XCConfigurationList section */
	};
	rootObject = 611B3E83247F2803009E500C /* Project object */;
}
